// !$*UTF8*$!
{
	archiveVersion = 1;
	classes = {
	};
	objectVersion = 46;
	objects = {

/* Begin PBXBuildFile section */
		22DBCEF91B665EB300EE5357 /* main.cpp in Sources */ = {isa = PBXBuildFile; fileRef = 22DBCEF81B665EB300EE5357 /* main.cpp */; };
/* End PBXBuildFile section */

/* Begin PBXCopyFilesBuildPhase section */
		22DBCEF31B665EB300EE5357 /* CopyFiles */ = {
			isa = PBXCopyFilesBuildPhase;
			buildActionMask = 2147483647;
			dstPath = /usr/share/man/man1/;
			dstSubfolderSpec = 0;
			files = (
			);
			runOnlyForDeploymentPostprocessing = 1;
		};
/* End PBXCopyFilesBuildPhase section */

/* Begin PBXFileReference section */
		22DBCEF51B665EB300EE5357 /* Lab #7 - Balanced Parentheses */ = {isa = PBXFileReference; explicitFileType = "compiled.mach-o.executable"; includeInIndex = 0; path = "Lab #7 - Balanced Parentheses"; sourceTree = BUILT_PRODUCTS_DIR; };
		22DBCEF81B665EB300EE5357 /* main.cpp */ = {isa = PBXFileReference; lastKnownFileType = sourcecode.cpp.cpp; path = main.cpp; sourceTree = "<group>"; };
/* End PBXFileReference section */

/* Begin PBXFrameworksBuildPhase section */
		22DBCEF21B665EB300EE5357 /* Frameworks */ = {
			isa = PBXFrameworksBuildPhase;
			buildActionMask = 2147483647;
			files = (
			);
			runOnlyForDeploymentPostprocessing = 0;
		};
/* End PBXFrameworksBuildPhase section */

/* Begin PBXGroup section */
		22DBCEEC1B665EB300EE5357 = {
			isa = PBXGroup;
			children = (
				22DBCEF71B665EB300EE5357 /* Lab #7 - Balanced Parentheses */,
				22DBCEF61B665EB300EE5357 /* Products */,
			);
			sourceTree = "<group>";
		};
		22DBCEF61B665EB300EE5357 /* Products */ = {
			isa = PBXGroup;
			children = (
				22DBCEF51B665EB300EE5357 /* Lab #7 - Balanced Parentheses */,
			);
			name = Products;
			sourceTree = "<group>";
		};
		22DBCEF71B665EB300EE5357 /* Lab #7 - Balanced Parentheses */ = {
			isa = PBXGroup;
			children = (
				22DBCEF81B665EB300EE5357 /* main.cpp */,
			);
			path = "Lab #7 - Balanced Parentheses";
			sourceTree = "<group>";
		};
/* End PBXGroup section */

/* Begin PBXNativeTarget section */
		22DBCEF41B665EB300EE5357 /* Lab #7 - Balanced Parentheses */ = {
			isa = PBXNativeTarget;
			buildConfigurationList = 22DBCEFC1B665EB300EE5357 /* Build configuration list for PBXNativeTarget "Lab #7 - Balanced Parentheses" */;
			buildPhases = (
				22DBCEF11B665EB300EE5357 /* Sources */,
				22DBCEF21B665EB300EE5357 /* Frameworks */,
				22DBCEF31B665EB300EE5357 /* CopyFiles */,
			);
			buildRules = (
			);
			dependencies = (
			);
			name = "Lab #7 - Balanced Parentheses";
			productName = "Lab #7 - Balanced Parentheses";
			productReference = 22DBCEF51B665EB300EE5357 /* Lab #7 - Balanced Parentheses */;
			productType = "com.apple.product-type.tool";
		};
/* End PBXNativeTarget section */

/* Begin PBXProject section */
		22DBCEED1B665EB300EE5357 /* Project object */ = {
			isa = PBXProject;
			attributes = {
				LastUpgradeCheck = 0640;
				ORGANIZATIONNAME = "Igor Vincic";
				TargetAttributes = {
					22DBCEF41B665EB300EE5357 = {
						CreatedOnToolsVersion = 6.4;
					};
				};
			};
			buildConfigurationList = 22DBCEF01B665EB300EE5357 /* Build configuration list for PBXProject "Lab #7 - Balanced Parentheses" */;
			compatibilityVersion = "Xcode 3.2";
			developmentRegion = English;
			hasScannedForEncodings = 0;
			knownRegions = (
				en,
			);
			mainGroup = 22DBCEEC1B665EB300EE5357;
			productRefGroup = 22DBCEF61B665EB300EE5357 /* Products */;
			projectDirPath = "";
			projectRoot = "";
			targets = (
				22DBCEF41B665EB300EE5357 /* Lab #7 - Balanced Parentheses */,
			);
		};
/* End PBXProject section */

/* Begin PBXSourcesBuildPhase section */
		22DBCEF11B665EB300EE5357 /* Sources */ = {
			isa = PBXSourcesBuildPhase;
			buildActionMask = 2147483647;
			files = (
				22DBCEF91B665EB300EE5357 /* main.cpp in Sources */,
			);
			runOnlyForDeploymentPostprocessing = 0;
		};
/* End PBXSourcesBuildPhase section */

/* Begin XCBuildConfiguration section */
		22DBCEFA1B665EB300EE5357 /* Debug */ = {
			isa = XCBuildConfiguration;
			buildSettings = {
				ALWAYS_SEARCH_USER_PATHS = NO;
				CLANG_CXX_LANGUAGE_STANDARD = "gnu++0x";
				CLANG_CXX_LIBRARY = "libc++";
				CLANG_ENABLE_MODULES = YES;
				CLANG_ENABLE_OBJC_ARC = YES;
				CLANG_WARN_BOOL_CONVERSION = YES;
				CLANG_WARN_CONSTANT_CONVERSION = YES;
				CLANG_WARN_DIRECT_OBJC_ISA_USAGE = YES_ERROR;
				CLANG_WARN_EMPTY_BODY = YES;
				CLANG_WARN_ENUM_CONVERSION = YES;
				CLANG_WARN_INT_CONVERSION = YES;
				CLANG_WARN_OBJC_ROOT_CLASS = YES_ERROR;
				CLANG_WARN_UNREACHABLE_CODE = YES;
				CLANG_WARN__DUPLICATE_METHOD_MATCH = YES;
				COPY_PHASE_STRIP = NO;
				DEBUG_INFORMATION_FORMAT = dwarf;
				ENABLE_STRICT_OBJC_MSGSEND = YES;
				GCC_C_LANGUAGE_STANDARD = gnu99;
				GCC_DYNAMIC_NO_PIC = NO;
				GCC_NO_COMMON_BLOCKS = YES;
				GCC_OPTIMIZATION_LEVEL = 0;
				GCC_PREPROCESSOR_DEFINITIONS = (
					"DEBUG=1",
					"$(inherited)",
				);
				GCC_SYMBOLS_PRIVATE_EXTERN = NO;
				GCC_WARN_64_TO_32_BIT_CONVERSION = YES;
				GCC_WARN_ABOUT_RETURN_TYPE = YES_ERROR;
				GCC_WARN_UNDECLARED_SELECTOR = YES;
				GCC_WARN_UNINITIALIZED_AUTOS = YES_AGGRESSIVE;
				GCC_WARN_UNUSED_FUNCTION = YES;
				GCC_WARN_UNUSED_VARIABLE = YES;
				MACOSX_DEPLOYMENT_TARGET = 10.10;
				MTL_ENABLE_DEBUG_INFO = YES;
				ONLY_ACTIVE_ARCH = YES;
				SDKROOT = macosx;
			};
			name = Debug;
		};
		22DBCEFB1B665EB300EE5357 /* Release */ = {
			isa = XCBuildConfiguration;
			buildSettings = {
				ALWAYS_SEARCH_USER_PATHS = NO;
				CLANG_CXX_LANGUAGE_STANDARD = "gnu++0x";
				CLANG_CXX_LIBRARY = "libc++";
				CLANG_ENABLE_MODULES = YES;
				CLANG_ENABLE_OBJC_ARC = YES;
				CLANG_WARN_BOOL_CONVERSION = YES;
				CLANG_WARN_CONSTANT_CONVERSION = YES;
				CLANG_WARN_DIRECT_OBJC_ISA_USAGE = YES_ERROR;
				CLANG_WARN_EMPTY_BODY = YES;
				CLANG_WARN_ENUM_CONVERSION = YES;
				CLANG_WARN_INT_CONVERSION = YES;
				CLANG_WARN_OBJC_ROOT_CLASS = YES_ERROR;
				CLANG_WARN_UNREACHABLE_CODE = YES;
				CLANG_WARN__DUPLICATE_METHOD_MATCH = YES;
				COPY_PHASE_STRIP = NO;
				DEBUG_INFORMATION_FORMAT = "dwarf-with-dsym";
				ENABLE_NS_ASSERTIONS = NO;
				ENABLE_STRICT_OBJC_MSGSEND = YES;
				GCC_C_LANGUAGE_STANDARD = gnu99;
				GCC_NO_COMMON_BLOCKS = YES;
				GCC_WARN_64_TO_32_BIT_CONVERSION = YES;
				GCC_WARN_ABOUT_RETURN_TYPE = YES_ERROR;
				GCC_WARN_UNDECLARED_SELECTOR = YES;
				GCC_WARN_UNINITIALIZED_AUTOS = YES_AGGRESSIVE;
				GCC_WARN_UNUSED_FUNCTION = YES;
				GCC_WARN_UNUSED_VARIABLE = YES;
				MACOSX_DEPLOYMENT_TARGET = 10.10;
				MTL_ENABLE_DEBUG_INFO = NO;
				SDKROOT = macosx;
			};
			name = Release;
		};
		22DBCEFD1B665EB300EE5357 /* Debug */ = {
			isa = XCBuildConfiguration;
			buildSettings = {
				PRODUCT_NAME = "$(TARGET_NAME)";
			};
			name = Debug;
		};
		22DBCEFE1B665EB300EE5357 /* Release */ = {
			isa = XCBuildConfiguration;
			buildSettings = {
				PRODUCT_NAME = "$(TARGET_NAME)";
			};
			name = Release;
		};
/* End XCBuildConfiguration section */

/* Begin XCConfigurationList section */
		22DBCEF01B665EB300EE5357 /* Build configuration list for PBXProject "Lab #7 - Balanced Parentheses" */ = {
			isa = XCConfigurationList;
			buildConfigurations = (
				22DBCEFA1B665EB300EE5357 /* Debug */,
				22DBCEFB1B665EB300EE5357 /* Release */,
			);
			defaultConfigurationIsVisible = 0;
			defaultConfigurationName = Release;
		};
		22DBCEFC1B665EB300EE5357 /* Build configuration list for PBXNativeTarget "Lab #7 - Balanced Parentheses" */ = {
			isa = XCConfigurationList;
			buildConfigurations = (
				22DBCEFD1B665EB300EE5357 /* Debug */,
				22DBCEFE1B665EB300EE5357 /* Release */,
			);
			defaultConfigurationIsVisible = 0;
		};
/* End XCConfigurationList section */
	};
	rootObject = 22DBCEED1B665EB300EE5357 /* Project object */;
}
